
Microsoft Visual Studio Solution File, Format Version 12.00
# Visual Studio 2012
Project("{FAE04EC0-301F-11D3-BF4B-00C04F79EFBC}") = "CreditCardValidator.iOS", "iOS\CreditCardValidator.iOS.csproj", "{66C4E5FC-0479-4268-A9EC-E2ECD455E01E}"
EndProject
Project("{FAE04EC0-301F-11D3-BF4B-00C04F79EFBC}") = "CreditCardValidator.Droid", "Droid\CreditCardValidator.Droid.csproj", "{B3B5F41D-0EF5-4710-A640-9AE1D44A31C3}"
EndProject
Project("{FAE04EC0-301F-11D3-BF4B-00C04F79EFBC}") = "CreditCardValidator", "CreditCardValidator\CreditCardValidator.csproj", "{99A825A6-6F99-4B94-9F65-E908A6347F1E}"
EndProject
Project("{FAE04EC0-301F-11D3-BF4B-00C04F79EFBC}") = "CreditCardValidator.UITests", "UITests\CreditCardValidator.UITests.csproj", "{B11FB28D-8256-44C8-ADA2-AF9B7C8F32F8}"
EndProject
Global
	GlobalSection(SolutionConfigurationPlatforms) = preSolution
		Debug|iPhoneSimulator = Debug|iPhoneSimulator
		Release|iPhone = Release|iPhone
		Release|iPhoneSimulator = Release|iPhoneSimulator
		Debug|iPhone = Debug|iPhone
		Debug|Any CPU = Debug|Any CPU
		Release|Any CPU = Release|Any CPU
	EndGlobalSection
	GlobalSection(ProjectConfigurationPlatforms) = postSolution
		{66C4E5FC-0479-4268-A9EC-E2ECD455E01E}.Debug|Any CPU.ActiveCfg = Debug|iPhoneSimulator
		{66C4E5FC-0479-4268-A9EC-E2ECD455E01E}.Debug|Any CPU.Build.0 = Debug|iPhoneSimulator
		{66C4E5FC-0479-4268-A9EC-E2ECD455E01E}.Debug|iPhone.ActiveCfg = Debug|iPhone
		{66C4E5FC-0479-4268-A9EC-E2ECD455E01E}.Debug|iPhone.Build.0 = Debug|iPhone
		{66C4E5FC-0479-4268-A9EC-E2ECD455E01E}.Debug|iPhoneSimulator.ActiveCfg = Debug|iPhoneSimulator
		{66C4E5FC-0479-4268-A9EC-E2ECD455E01E}.Debug|iPhoneSimulator.Build.0 = Debug|iPhoneSimulator
		{66C4E5FC-0479-4268-A9EC-E2ECD455E01E}.Release|Any CPU.ActiveCfg = Release|iPhone
		{66C4E5FC-0479-4268-A9EC-E2ECD455E01E}.Release|Any CPU.Build.0 = Release|iPhone
		{66C4E5FC-0479-4268-A9EC-E2ECD455E01E}.Release|iPhone.ActiveCfg = Release|iPhone
		{66C4E5FC-0479-4268-A9EC-E2ECD455E01E}.Release|iPhone.Build.0 = Release|iPhone
		{66C4E5FC-0479-4268-A9EC-E2ECD455E01E}.Release|iPhoneSimulator.ActiveCfg = Release|iPhoneSimulator
		{66C4E5FC-0479-4268-A9EC-E2ECD455E01E}.Release|iPhoneSimulator.Build.0 = Release|iPhoneSimulator
		{99A825A6-6F99-4B94-9F65-E908A6347F1E}.Debug|Any CPU.ActiveCfg = Debug|Any CPU
		{99A825A6-6F99-4B94-9F65-E908A6347F1E}.Debug|Any CPU.Build.0 = Debug|Any CPU
		{99A825A6-6F99-4B94-9F65-E908A6347F1E}.Debug|iPhone.ActiveCfg = Debug|Any CPU
		{99A825A6-6F99-4B94-9F65-E908A6347F1E}.Debug|iPhone.Build.0 = Debug|Any CPU
		{99A825A6-6F99-4B94-9F65-E908A6347F1E}.Debug|iPhoneSimulator.ActiveCfg = Debug|Any CPU
		{99A825A6-6F99-4B94-9F65-E908A6347F1E}.Debug|iPhoneSimulator.Build.0 = Debug|Any CPU
		{99A825A6-6F99-4B94-9F65-E908A6347F1E}.Release|Any CPU.ActiveCfg = Release|Any CPU
		{99A825A6-6F99-4B94-9F65-E908A6347F1E}.Release|Any CPU.Build.0 = Release|Any CPU
		{99A825A6-6F99-4B94-9F65-E908A6347F1E}.Release|iPhone.ActiveCfg = Release|Any CPU
		{99A825A6-6F99-4B94-9F65-E908A6347F1E}.Release|iPhone.Build.0 = Release|Any CPU
		{99A825A6-6F99-4B94-9F65-E908A6347F1E}.Release|iPhoneSimulator.ActiveCfg = Release|Any CPU
		{99A825A6-6F99-4B94-9F65-E908A6347F1E}.Release|iPhoneSimulator.Build.0 = Release|Any CPU
		{B11FB28D-8256-44C8-ADA2-AF9B7C8F32F8}.Debug|Any CPU.ActiveCfg = Debug|Any CPU
		{B11FB28D-8256-44C8-ADA2-AF9B7C8F32F8}.Debug|Any CPU.Build.0 = Debug|Any CPU
		{B11FB28D-8256-44C8-ADA2-AF9B7C8F32F8}.Debug|iPhone.ActiveCfg = Debug|Any CPU
		{B11FB28D-8256-44C8-ADA2-AF9B7C8F32F8}.Debug|iPhone.Build.0 = Debug|Any CPU
		{B11FB28D-8256-44C8-ADA2-AF9B7C8F32F8}.Debug|iPhoneSimulator.ActiveCfg = Debug|Any CPU
		{B11FB28D-8256-44C8-ADA2-AF9B7C8F32F8}.Debug|iPhoneSimulator.Build.0 = Debug|Any CPU
		{B11FB28D-8256-44C8-ADA2-AF9B7C8F32F8}.Release|Any CPU.ActiveCfg = Release|Any CPU
		{B11FB28D-8256-44C8-ADA2-AF9B7C8F32F8}.Release|Any CPU.Build.0 = Release|Any CPU
		{B11FB28D-8256-44C8-ADA2-AF9B7C8F32F8}.Release|iPhone.ActiveCfg = Release|Any CPU
		{B11FB28D-8256-44C8-ADA2-AF9B7C8F32F8}.Release|iPhone.Build.0 = Release|Any CPU
		{B11FB28D-8256-44C8-ADA2-AF9B7C8F32F8}.Release|iPhoneSimulator.ActiveCfg = Release|Any CPU
		{B11FB28D-8256-44C8-ADA2-AF9B7C8F32F8}.Release|iPhoneSimulator.Build.0 = Release|Any CPU
		{B3B5F41D-0EF5-4710-A640-9AE1D44A31C3}.Debug|Any CPU.ActiveCfg = Debug|Any CPU
		{B3B5F41D-0EF5-4710-A640-9AE1D44A31C3}.Debug|Any CPU.Build.0 = Debug|Any CPU
		{B3B5F41D-0EF5-4710-A640-9AE1D44A31C3}.Debug|iPhone.ActiveCfg = Debug|Any CPU
		{B3B5F41D-0EF5-4710-A640-9AE1D44A31C3}.Debug|iPhone.Build.0 = Debug|Any CPU
		{B3B5F41D-0EF5-4710-A640-9AE1D44A31C3}.Debug|iPhoneSimulator.ActiveCfg = Debug|Any CPU
		{B3B5F41D-0EF5-4710-A640-9AE1D44A31C3}.Debug|iPhoneSimulator.Build.0 = Debug|Any CPU
		{B3B5F41D-0EF5-4710-A640-9AE1D44A31C3}.Release|Any CPU.ActiveCfg = Release|Any CPU
		{B3B5F41D-0EF5-4710-A640-9AE1D44A31C3}.Release|Any CPU.Build.0 = Release|Any CPU
		{B3B5F41D-0EF5-4710-A640-9AE1D44A31C3}.Release|iPhone.ActiveCfg = Release|Any CPU
		{B3B5F41D-0EF5-4710-A640-9AE1D44A31C3}.Release|iPhone.Build.0 = Release|Any CPU
		{B3B5F41D-0EF5-4710-A640-9AE1D44A31C3}.Release|iPhoneSimulator.ActiveCfg = Release|Any CPU
		{B3B5F41D-0EF5-4710-A640-9AE1D44A31C3}.Release|iPhoneSimulator.Build.0 = Release|Any CPU
	EndGlobalSection
EndGlobal
